{
  "originHash" : "f8fa3bb49f3675a2398f8980a724272010f9028cc885b60bb432796a22e8d7a4",
  "pins" : [
    {
      "identity" : "ios-places-sdk",
      "kind" : "remoteSourceControl",
      "location" : "https://github.com/googlemaps/ios-places-sdk",
      "state" : {
        "revision" : "5eaf8e9a64f6a2ea27fdc845f4653fdc26231cc3",
        "version" : "9.0.0"
      }
    },
    {
      "identity" : "sdwebimage",
      "kind" : "remoteSourceControl",
      "location" : "https://github.com/SDWebImage/SDWebImage",
      "state" : {
        "revision" : "86e9185ef41c4238a93ad8efe61ddeb701e80bbf",
        "version" : "5.19.5"
      }
    }
  ],
  "version" : 3
}
