// !$*UTF8*$!
{
	archiveVersion = 1;
	classes = {
	};
	objectVersion = 56;
	objects = {

/* Begin PBXBuildFile section */
		B435FDBB2C5BAFC700D81706 /* AppDelegate.swift in Sources */ = {isa = PBXBuildFile; fileRef = B435FDBA2C5BAFC700D81706 /* AppDelegate.swift */; };
		B435FDBD2C5BAFC700D81706 /* SceneDelegate.swift in Sources */ = {isa = PBXBuildFile; fileRef = B435FDBC2C5BAFC700D81706 /* SceneDelegate.swift */; };
		B435FDBF2C5BAFC700D81706 /* ViewController.swift in Sources */ = {isa = PBXBuildFile; fileRef = B435FDBE2C5BAFC700D81706 /* ViewController.swift */; };
		B435FDC42C5BAFC800D81706 /* Assets.xcassets in Resources */ = {isa = PBXBuildFile; fileRef = B435FDC32C5BAFC800D81706 /* Assets.xcassets */; };
		B435FDC72C5BAFC800D81706 /* Base in Resources */ = {isa = PBXBuildFile; fileRef = B435FDC62C5BAFC800D81706 /* Base */; };
		B435FDD02C5BBD7A00D81706 /* Main.storyboard in Resources */ = {isa = PBXBuildFile; fileRef = B435FDCF2C5BBD7A00D81706 /* Main.storyboard */; };
		B435FDD32C5BBFC200D81706 /* AppConstants.swift in Sources */ = {isa = PBXBuildFile; fileRef = B435FDD22C5BBFC200D81706 /* AppConstants.swift */; };
		B435FDD92C5BC13C00D81706 /* PlacesWebService.swift in Sources */ = {isa = PBXBuildFile; fileRef = B435FDD82C5BC13C00D81706 /* PlacesWebService.swift */; };
		B435FDDB2C5BC18100D81706 /* WebServiceManager.swift in Sources */ = {isa = PBXBuildFile; fileRef = B435FDDA2C5BC18100D81706 /* WebServiceManager.swift */; };
		B435FDDD2C5BDBC200D81706 /* PlaceModel.swift in Sources */ = {isa = PBXBuildFile; fileRef = B435FDDC2C5BDBC200D81706 /* PlaceModel.swift */; };
		B435FDE12C5BF34E00D81706 /* LocationManager.swift in Sources */ = {isa = PBXBuildFile; fileRef = B435FDE02C5BF34E00D81706 /* LocationManager.swift */; };
		B435FDE92C5BFB4000D81706 /* HomeViewController.swift in Sources */ = {isa = PBXBuildFile; fileRef = B435FDE82C5BFB4000D81706 /* HomeViewController.swift */; };
		B435FDEB2C5BFF1400D81706 /* HomeViewModel.swift in Sources */ = {isa = PBXBuildFile; fileRef = B435FDEA2C5BFF1400D81706 /* HomeViewModel.swift */; };
		B435FDED2C5C9CF700D81706 /* PaginationCellVM.swift in Sources */ = {isa = PBXBuildFile; fileRef = B435FDEC2C5C9CF700D81706 /* PaginationCellVM.swift */; };
		B435FDEF2C5C9D1A00D81706 /* PlaceCellVM.swift in Sources */ = {isa = PBXBuildFile; fileRef = B435FDEE2C5C9D1A00D81706 /* PlaceCellVM.swift */; };
		B435FDF12C5C9DB400D81706 /* PlacesTableCollectionCellModel.swift in Sources */ = {isa = PBXBuildFile; fileRef = B435FDF02C5C9DB400D81706 /* PlacesTableCollectionCellModel.swift */; };
		B435FDF32C5C9DCC00D81706 /* CategoriesTableCollectionCellVM.swift in Sources */ = {isa = PBXBuildFile; fileRef = B435FDF22C5C9DCC00D81706 /* CategoriesTableCollectionCellVM.swift */; };
		B435FDF52C5C9E1800D81706 /* ImageAndLabelCollectionCellVM.swift in Sources */ = {isa = PBXBuildFile; fileRef = B435FDF42C5C9E1800D81706 /* ImageAndLabelCollectionCellVM.swift */; };
		B435FDF92C5CA47100D81706 /* PlaceDetailVM.swift in Sources */ = {isa = PBXBuildFile; fileRef = B435FDF82C5CA47100D81706 /* PlaceDetailVM.swift */; };
		B435FDFB2C5CA4B600D81706 /* PlaceListVM.swift in Sources */ = {isa = PBXBuildFile; fileRef = B435FDFA2C5CA4B600D81706 /* PlaceListVM.swift */; };
		B435FDFD2C5CA7DC00D81706 /* PlaceTableCellVM.swift in Sources */ = {isa = PBXBuildFile; fileRef = B435FDFC2C5CA7DC00D81706 /* PlaceTableCellVM.swift */; };
		B435FE002C5CA8FF00D81706 /* AppData.swift in Sources */ = {isa = PBXBuildFile; fileRef = B435FDFF2C5CA8FF00D81706 /* AppData.swift */; };
		B435FE022C5CA91C00D81706 /* Helper.swift in Sources */ = {isa = PBXBuildFile; fileRef = B435FE012C5CA91C00D81706 /* Helper.swift */; };
/* End PBXBuildFile section */

/* Begin PBXFileReference section */
		B435FDB72C5BAFC700D81706 /* MVVMMedium.app */ = {isa = PBXFileReference; explicitFileType = wrapper.application; includeInIndex = 0; path = MVVMMedium.app; sourceTree = BUILT_PRODUCTS_DIR; };
		B435FDBA2C5BAFC700D81706 /* AppDelegate.swift */ = {isa = PBXFileReference; lastKnownFileType = sourcecode.swift; path = AppDelegate.swift; sourceTree = "<group>"; };
		B435FDBC2C5BAFC700D81706 /* SceneDelegate.swift */ = {isa = PBXFileReference; lastKnownFileType = sourcecode.swift; path = SceneDelegate.swift; sourceTree = "<group>"; };
		B435FDBE2C5BAFC700D81706 /* ViewController.swift */ = {isa = PBXFileReference; lastKnownFileType = sourcecode.swift; path = ViewController.swift; sourceTree = "<group>"; };
		B435FDC32C5BAFC800D81706 /* Assets.xcassets */ = {isa = PBXFileReference; lastKnownFileType = folder.assetcatalog; path = Assets.xcassets; sourceTree = "<group>"; };
		B435FDC62C5BAFC800D81706 /* Base */ = {isa = PBXFileReference; lastKnownFileType = file.storyboard; name = Base; path = Base.lproj/LaunchScreen.storyboard; sourceTree = "<group>"; };
		B435FDC82C5BAFC800D81706 /* Info.plist */ = {isa = PBXFileReference; lastKnownFileType = text.plist.xml; path = Info.plist; sourceTree = "<group>"; };
		B435FDCF2C5BBD7A00D81706 /* Main.storyboard */ = {isa = PBXFileReference; fileEncoding = 4; lastKnownFileType = file.storyboard; path = Main.storyboard; sourceTree = "<group>"; };
		B435FDD22C5BBFC200D81706 /* AppConstants.swift */ = {isa = PBXFileReference; lastKnownFileType = sourcecode.swift; path = AppConstants.swift; sourceTree = "<group>"; };
		B435FDD82C5BC13C00D81706 /* PlacesWebService.swift */ = {isa = PBXFileReference; lastKnownFileType = sourcecode.swift; path = PlacesWebService.swift; sourceTree = "<group>"; };
		B435FDDA2C5BC18100D81706 /* WebServiceManager.swift */ = {isa = PBXFileReference; lastKnownFileType = sourcecode.swift; path = WebServiceManager.swift; sourceTree = "<group>"; };
		B435FDDC2C5BDBC200D81706 /* PlaceModel.swift */ = {isa = PBXFileReference; lastKnownFileType = sourcecode.swift; path = PlaceModel.swift; sourceTree = "<group>"; };
		B435FDE02C5BF34E00D81706 /* LocationManager.swift */ = {isa = PBXFileReference; lastKnownFileType = sourcecode.swift; path = LocationManager.swift; sourceTree = "<group>"; };
		B435FDE82C5BFB4000D81706 /* HomeViewController.swift */ = {isa = PBXFileReference; lastKnownFileType = sourcecode.swift; path = HomeViewController.swift; sourceTree = "<group>"; };
		B435FDEA2C5BFF1400D81706 /* HomeViewModel.swift */ = {isa = PBXFileReference; lastKnownFileType = sourcecode.swift; path = HomeViewModel.swift; sourceTree = "<group>"; };
		B435FDEC2C5C9CF700D81706 /* PaginationCellVM.swift */ = {isa = PBXFileReference; lastKnownFileType = sourcecode.swift; path = PaginationCellVM.swift; sourceTree = "<group>"; };
		B435FDEE2C5C9D1A00D81706 /* PlaceCellVM.swift */ = {isa = PBXFileReference; lastKnownFileType = sourcecode.swift; path = PlaceCellVM.swift; sourceTree = "<group>"; };
		B435FDF02C5C9DB400D81706 /* PlacesTableCollectionCellModel.swift */ = {isa = PBXFileReference; lastKnownFileType = sourcecode.swift; path = PlacesTableCollectionCellModel.swift; sourceTree = "<group>"; };
		B435FDF22C5C9DCC00D81706 /* CategoriesTableCollectionCellVM.swift */ = {isa = PBXFileReference; lastKnownFileType = sourcecode.swift; path = CategoriesTableCollectionCellVM.swift; sourceTree = "<group>"; };
		B435FDF42C5C9E1800D81706 /* ImageAndLabelCollectionCellVM.swift */ = {isa = PBXFileReference; lastKnownFileType = sourcecode.swift; path = ImageAndLabelCollectionCellVM.swift; sourceTree = "<group>"; };
		B435FDF82C5CA47100D81706 /* PlaceDetailVM.swift */ = {isa = PBXFileReference; lastKnownFileType = sourcecode.swift; path = PlaceDetailVM.swift; sourceTree = "<group>"; };
		B435FDFA2C5CA4B600D81706 /* PlaceListVM.swift */ = {isa = PBXFileReference; lastKnownFileType = sourcecode.swift; path = PlaceListVM.swift; sourceTree = "<group>"; };
		B435FDFC2C5CA7DC00D81706 /* PlaceTableCellVM.swift */ = {isa = PBXFileReference; lastKnownFileType = sourcecode.swift; path = PlaceTableCellVM.swift; sourceTree = "<group>"; };
		B435FDFF2C5CA8FF00D81706 /* AppData.swift */ = {isa = PBXFileReference; lastKnownFileType = sourcecode.swift; path = AppData.swift; sourceTree = "<group>"; };
		B435FE012C5CA91C00D81706 /* Helper.swift */ = {isa = PBXFileReference; lastKnownFileType = sourcecode.swift; path = Helper.swift; sourceTree = "<group>"; };
/* End PBXFileReference section */

/* Begin PBXFrameworksBuildPhase section */
		B435FDB42C5BAFC700D81706 /* Frameworks */ = {
			isa = PBXFrameworksBuildPhase;
			buildActionMask = 2147483647;
			files = (
			);
			runOnlyForDeploymentPostprocessing = 0;
		};
/* End PBXFrameworksBuildPhase section */

/* Begin PBXGroup section */
		B435FDAE2C5BAFC700D81706 = {
			isa = PBXGroup;
			children = (
				B435FDB92C5BAFC700D81706 /* MVVMMedium */,
				B435FDB82C5BAFC700D81706 /* Products */,
			);
			sourceTree = "<group>";
		};
		B435FDB82C5BAFC700D81706 /* Products */ = {
			isa = PBXGroup;
			children = (
				B435FDB72C5BAFC700D81706 /* MVVMMedium.app */,
			);
			name = Products;
			sourceTree = "<group>";
		};
		B435FDB92C5BAFC700D81706 /* MVVMMedium */ = {
			isa = PBXGroup;
			children = (
				B435FDFE2C5CA8E500D81706 /* Extras */,
				B435FDDF2C5BF33A00D81706 /* Manager */,
				B435FDD72C5BC11E00D81706 /* WebService */,
				B435FDD12C5BBFA400D81706 /* Constants */,
				B435FDCE2C5BB0F600D81706 /* Modules */,
				B435FDBA2C5BAFC700D81706 /* AppDelegate.swift */,
				B435FDBC2C5BAFC700D81706 /* SceneDelegate.swift */,
				B435FDBE2C5BAFC700D81706 /* ViewController.swift */,
				B435FDCF2C5BBD7A00D81706 /* Main.storyboard */,
				B435FDC32C5BAFC800D81706 /* Assets.xcassets */,
				B435FDC52C5BAFC800D81706 /* LaunchScreen.storyboard */,
				B435FDC82C5BAFC800D81706 /* Info.plist */,
			);
			path = MVVMMedium;
			sourceTree = "<group>";
		};
		B435FDCE2C5BB0F600D81706 /* Modules */ = {
			isa = PBXGroup;
			children = (
				B435FDD42C5BC01700D81706 /* Model */,
				B435FDD52C5BC02500D81706 /* View */,
				B435FDD62C5BC02C00D81706 /* ViewModel */,
			);
			path = Modules;
			sourceTree = "<group>";
		};
		B435FDD12C5BBFA400D81706 /* Constants */ = {
			isa = PBXGroup;
			children = (
				B435FDD22C5BBFC200D81706 /* AppConstants.swift */,
			);
			path = Constants;
			sourceTree = "<group>";
		};
		B435FDD42C5BC01700D81706 /* Model */ = {
			isa = PBXGroup;
			children = (
				B435FDDC2C5BDBC200D81706 /* PlaceModel.swift */,
			);
			path = Model;
			sourceTree = "<group>";
		};
		B435FDD52C5BC02500D81706 /* View */ = {
			isa = PBXGroup;
			children = (
				B435FDE22C5BF95B00D81706 /* Home */,
			);
			path = View;
			sourceTree = "<group>";
		};
		B435FDD62C5BC02C00D81706 /* ViewModel */ = {
			isa = PBXGroup;
			children = (
				B435FDF72C5CA44E00D81706 /* PlaceController */,
				B435FDF62C5CA44500D81706 /* PlaceDetail */,
				B435FDE32C5BF96100D81706 /* Home */,
			);
			path = ViewModel;
			sourceTree = "<group>";
		};
		B435FDD72C5BC11E00D81706 /* WebService */ = {
			isa = PBXGroup;
			children = (
				B435FDD82C5BC13C00D81706 /* PlacesWebService.swift */,
				B435FDDA2C5BC18100D81706 /* WebServiceManager.swift */,
			);
			path = WebService;
			sourceTree = "<group>";
		};
		B435FDDF2C5BF33A00D81706 /* Manager */ = {
			isa = PBXGroup;
			children = (
				B435FDE02C5BF34E00D81706 /* LocationManager.swift */,
			);
			path = Manager;
			sourceTree = "<group>";
		};
		B435FDE22C5BF95B00D81706 /* Home */ = {
			isa = PBXGroup;
			children = (
				B435FDE42C5BF97600D81706 /* Cell */,
				B435FDE52C5BF97B00D81706 /* Controller */,
			);
			path = Home;
			sourceTree = "<group>";
		};
		B435FDE32C5BF96100D81706 /* Home */ = {
			isa = PBXGroup;
			children = (
				B435FDE72C5BF98E00D81706 /* Cell */,
				B435FDE62C5BF98600D81706 /* Controller */,
			);
			path = Home;
			sourceTree = "<group>";
		};
		B435FDE42C5BF97600D81706 /* Cell */ = {
			isa = PBXGroup;
			children = (
			);
			path = Cell;
			sourceTree = "<group>";
		};
		B435FDE52C5BF97B00D81706 /* Controller */ = {
			isa = PBXGroup;
			children = (
				B435FDE82C5BFB4000D81706 /* HomeViewController.swift */,
			);
			path = Controller;
			sourceTree = "<group>";
		};
		B435FDE62C5BF98600D81706 /* Controller */ = {
			isa = PBXGroup;
			children = (
				B435FDEA2C5BFF1400D81706 /* HomeViewModel.swift */,
			);
			path = Controller;
			sourceTree = "<group>";
		};
		B435FDE72C5BF98E00D81706 /* Cell */ = {
			isa = PBXGroup;
			children = (
				B435FDEC2C5C9CF700D81706 /* PaginationCellVM.swift */,
				B435FDEE2C5C9D1A00D81706 /* PlaceCellVM.swift */,
				B435FDF02C5C9DB400D81706 /* PlacesTableCollectionCellModel.swift */,
				B435FDF22C5C9DCC00D81706 /* CategoriesTableCollectionCellVM.swift */,
				B435FDF42C5C9E1800D81706 /* ImageAndLabelCollectionCellVM.swift */,
				B435FDFC2C5CA7DC00D81706 /* PlaceTableCellVM.swift */,
			);
			path = Cell;
			sourceTree = "<group>";
		};
		B435FDF62C5CA44500D81706 /* PlaceDetail */ = {
			isa = PBXGroup;
			children = (
				B435FDF82C5CA47100D81706 /* PlaceDetailVM.swift */,
			);
			path = PlaceDetail;
			sourceTree = "<group>";
		};
		B435FDF72C5CA44E00D81706 /* PlaceController */ = {
			isa = PBXGroup;
			children = (
				B435FDFA2C5CA4B600D81706 /* PlaceListVM.swift */,
			);
			path = PlaceController;
			sourceTree = "<group>";
		};
		B435FDFE2C5CA8E500D81706 /* Extras */ = {
			isa = PBXGroup;
			children = (
				B435FDFF2C5CA8FF00D81706 /* AppData.swift */,
				B435FE012C5CA91C00D81706 /* Helper.swift */,
			);
			path = Extras;
			sourceTree = "<group>";
		};
/* End PBXGroup section */

/* Begin PBXNativeTarget section */
		B435FDB62C5BAFC700D81706 /* MVVMMedium */ = {
			isa = PBXNativeTarget;
			buildConfigurationList = B435FDCB2C5BAFC800D81706 /* Build configuration list for PBXNativeTarget "MVVMMedium" */;
			buildPhases = (
				B435FDB32C5BAFC700D81706 /* Sources */,
				B435FDB42C5BAFC700D81706 /* Frameworks */,
				B435FDB52C5BAFC700D81706 /* Resources */,
			);
			buildRules = (
			);
			dependencies = (
			);
			name = MVVMMedium;
			productName = MVVMMedium;
			productReference = B435FDB72C5BAFC700D81706 /* MVVMMedium.app */;
			productType = "com.apple.product-type.application";
		};
/* End PBXNativeTarget section */

/* Begin PBXProject section */
		B435FDAF2C5BAFC700D81706 /* Project object */ = {
			isa = PBXProject;
			attributes = {
				BuildIndependentTargetsInParallel = 1;
				LastSwiftUpdateCheck = 1530;
				LastUpgradeCheck = 1530;
				TargetAttributes = {
					B435FDB62C5BAFC700D81706 = {
						CreatedOnToolsVersion = 15.3;
					};
				};
			};
			buildConfigurationList = B435FDB22C5BAFC700D81706 /* Build configuration list for PBXProject "MVVMMedium" */;
			compatibilityVersion = "Xcode 14.0";
			developmentRegion = en;
			hasScannedForEncodings = 0;
			knownRegions = (
				en,
				Base,
			);
			mainGroup = B435FDAE2C5BAFC700D81706;
			productRefGroup = B435FDB82C5BAFC700D81706 /* Products */;
			projectDirPath = "";
			projectRoot = "";
			targets = (
				B435FDB62C5BAFC700D81706 /* MVVMMedium */,
			);
		};
/* End PBXProject section */

/* Begin PBXResourcesBuildPhase section */
		B435FDB52C5BAFC700D81706 /* Resources */ = {
			isa = PBXResourcesBuildPhase;
			buildActionMask = 2147483647;
			files = (
				B435FDC42C5BAFC800D81706 /* Assets.xcassets in Resources */,
				B435FDC72C5BAFC800D81706 /* Base in Resources */,
				B435FDD02C5BBD7A00D81706 /* Main.storyboard in Resources */,
			);
			runOnlyForDeploymentPostprocessing = 0;
		};
/* End PBXResourcesBuildPhase section */

/* Begin PBXSourcesBuildPhase section */
		B435FDB32C5BAFC700D81706 /* Sources */ = {
			isa = PBXSourcesBuildPhase;
			buildActionMask = 2147483647;
			files = (
				B435FDEF2C5C9D1A00D81706 /* PlaceCellVM.swift in Sources */,
				B435FDF12C5C9DB400D81706 /* PlacesTableCollectionCellModel.swift in Sources */,
				B435FDBF2C5BAFC700D81706 /* ViewController.swift in Sources */,
				B435FDF52C5C9E1800D81706 /* ImageAndLabelCollectionCellVM.swift in Sources */,
				B435FDBB2C5BAFC700D81706 /* AppDelegate.swift in Sources */,
				B435FE002C5CA8FF00D81706 /* AppData.swift in Sources */,
				B435FDDB2C5BC18100D81706 /* WebServiceManager.swift in Sources */,
				B435FE022C5CA91C00D81706 /* Helper.swift in Sources */,
				B435FDF32C5C9DCC00D81706 /* CategoriesTableCollectionCellVM.swift in Sources */,
				B435FDEB2C5BFF1400D81706 /* HomeViewModel.swift in Sources */,
				B435FDBD2C5BAFC700D81706 /* SceneDelegate.swift in Sources */,
				B435FDFD2C5CA7DC00D81706 /* PlaceTableCellVM.swift in Sources */,
				B435FDF92C5CA47100D81706 /* PlaceDetailVM.swift in Sources */,
				B435FDE12C5BF34E00D81706 /* LocationManager.swift in Sources */,
				B435FDED2C5C9CF700D81706 /* PaginationCellVM.swift in Sources */,
				B435FDE92C5BFB4000D81706 /* HomeViewController.swift in Sources */,
				B435FDFB2C5CA4B600D81706 /* PlaceListVM.swift in Sources */,
				B435FDDD2C5BDBC200D81706 /* PlaceModel.swift in Sources */,
				B435FDD32C5BBFC200D81706 /* AppConstants.swift in Sources */,
				B435FDD92C5BC13C00D81706 /* PlacesWebService.swift in Sources */,
			);
			runOnlyForDeploymentPostprocessing = 0;
		};
/* End PBXSourcesBuildPhase section */

/* Begin PBXVariantGroup section */
		B435FDC52C5BAFC800D81706 /* LaunchScreen.storyboard */ = {
			isa = PBXVariantGroup;
			children = (
				B435FDC62C5BAFC800D81706 /* Base */,
			);
			name = LaunchScreen.storyboard;
			sourceTree = "<group>";
		};
/* End PBXVariantGroup section */

/* Begin XCBuildConfiguration section */
		B435FDC92C5BAFC800D81706 /* Debug */ = {
			isa = XCBuildConfiguration;
			buildSettings = {
				ALWAYS_SEARCH_USER_PATHS = NO;
				ASSETCATALOG_COMPILER_GENERATE_SWIFT_ASSET_SYMBOL_EXTENSIONS = YES;
				CLANG_ANALYZER_NONNULL = YES;
				CLANG_ANALYZER_NUMBER_OBJECT_CONVERSION = YES_AGGRESSIVE;
				CLANG_CXX_LANGUAGE_STANDARD = "gnu++20";
				CLANG_ENABLE_MODULES = YES;
				CLANG_ENABLE_OBJC_ARC = YES;
				CLANG_ENABLE_OBJC_WEAK = YES;
				CLANG_WARN_BLOCK_CAPTURE_AUTORELEASING = YES;
				CLANG_WARN_BOOL_CONVERSION = YES;
				CLANG_WARN_COMMA = YES;
				CLANG_WARN_CONSTANT_CONVERSION = YES;
				CLANG_WARN_DEPRECATED_OBJC_IMPLEMENTATIONS = YES;
				CLANG_WARN_DIRECT_OBJC_ISA_USAGE = YES_ERROR;
				CLANG_WARN_DOCUMENTATION_COMMENTS = YES;
				CLANG_WARN_EMPTY_BODY = YES;
				CLANG_WARN_ENUM_CONVERSION = YES;
				CLANG_WARN_INFINITE_RECURSION = YES;
				CLANG_WARN_INT_CONVERSION = YES;
				CLANG_WARN_NON_LITERAL_NULL_CONVERSION = YES;
				CLANG_WARN_OBJC_IMPLICIT_RETAIN_SELF = YES;
				CLANG_WARN_OBJC_LITERAL_CONVERSION = YES;
				CLANG_WARN_OBJC_ROOT_CLASS = YES_ERROR;
				CLANG_WARN_QUOTED_INCLUDE_IN_FRAMEWORK_HEADER = YES;
				CLANG_WARN_RANGE_LOOP_ANALYSIS = YES;
				CLANG_WARN_STRICT_PROTOTYPES = YES;
				CLANG_WARN_SUSPICIOUS_MOVE = YES;
				CLANG_WARN_UNGUARDED_AVAILABILITY = YES_AGGRESSIVE;
				CLANG_WARN_UNREACHABLE_CODE = YES;
				CLANG_WARN__DUPLICATE_METHOD_MATCH = YES;
				COPY_PHASE_STRIP = NO;
				DEBUG_INFORMATION_FORMAT = dwarf;
				ENABLE_STRICT_OBJC_MSGSEND = YES;
				ENABLE_TESTABILITY = YES;
				ENABLE_USER_SCRIPT_SANDBOXING = YES;
				GCC_C_LANGUAGE_STANDARD = gnu17;
				GCC_DYNAMIC_NO_PIC = NO;
				GCC_NO_COMMON_BLOCKS = YES;
				GCC_OPTIMIZATION_LEVEL = 0;
				GCC_PREPROCESSOR_DEFINITIONS = (
					"DEBUG=1",
					"$(inherited)",
				);
				GCC_WARN_64_TO_32_BIT_CONVERSION = YES;
				GCC_WARN_ABOUT_RETURN_TYPE = YES_ERROR;
				GCC_WARN_UNDECLARED_SELECTOR = YES;
				GCC_WARN_UNINITIALIZED_AUTOS = YES_AGGRESSIVE;
				GCC_WARN_UNUSED_FUNCTION = YES;
				GCC_WARN_UNUSED_VARIABLE = YES;
				IPHONEOS_DEPLOYMENT_TARGET = 17.4;
				LOCALIZATION_PREFERS_STRING_CATALOGS = YES;
				MTL_ENABLE_DEBUG_INFO = INCLUDE_SOURCE;
				MTL_FAST_MATH = YES;
				ONLY_ACTIVE_ARCH = YES;
				SDKROOT = iphoneos;
				SWIFT_ACTIVE_COMPILATION_CONDITIONS = "DEBUG $(inherited)";
				SWIFT_OPTIMIZATION_LEVEL = "-Onone";
			};
			name = Debug;
		};
		B435FDCA2C5BAFC800D81706 /* Release */ = {
			isa = XCBuildConfiguration;
			buildSettings = {
				ALWAYS_SEARCH_USER_PATHS = NO;
				ASSETCATALOG_COMPILER_GENERATE_SWIFT_ASSET_SYMBOL_EXTENSIONS = YES;
				CLANG_ANALYZER_NONNULL = YES;
				CLANG_ANALYZER_NUMBER_OBJECT_CONVERSION = YES_AGGRESSIVE;
				CLANG_CXX_LANGUAGE_STANDARD = "gnu++20";
				CLANG_ENABLE_MODULES = YES;
				CLANG_ENABLE_OBJC_ARC = YES;
				CLANG_ENABLE_OBJC_WEAK = YES;
				CLANG_WARN_BLOCK_CAPTURE_AUTORELEASING = YES;
				CLANG_WARN_BOOL_CONVERSION = YES;
				CLANG_WARN_COMMA = YES;
				CLANG_WARN_CONSTANT_CONVERSION = YES;
				CLANG_WARN_DEPRECATED_OBJC_IMPLEMENTATIONS = YES;
				CLANG_WARN_DIRECT_OBJC_ISA_USAGE = YES_ERROR;
				CLANG_WARN_DOCUMENTATION_COMMENTS = YES;
				CLANG_WARN_EMPTY_BODY = YES;
				CLANG_WARN_ENUM_CONVERSION = YES;
				CLANG_WARN_INFINITE_RECURSION = YES;
				CLANG_WARN_INT_CONVERSION = YES;
				CLANG_WARN_NON_LITERAL_NULL_CONVERSION = YES;
				CLANG_WARN_OBJC_IMPLICIT_RETAIN_SELF = YES;
				CLANG_WARN_OBJC_LITERAL_CONVERSION = YES;
				CLANG_WARN_OBJC_ROOT_CLASS = YES_ERROR;
				CLANG_WARN_QUOTED_INCLUDE_IN_FRAMEWORK_HEADER = YES;
				CLANG_WARN_RANGE_LOOP_ANALYSIS = YES;
				CLANG_WARN_STRICT_PROTOTYPES = YES;
				CLANG_WARN_SUSPICIOUS_MOVE = YES;
				CLANG_WARN_UNGUARDED_AVAILABILITY = YES_AGGRESSIVE;
				CLANG_WARN_UNREACHABLE_CODE = YES;
				CLANG_WARN__DUPLICATE_METHOD_MATCH = YES;
				COPY_PHASE_STRIP = NO;
				DEBUG_INFORMATION_FORMAT = "dwarf-with-dsym";
				ENABLE_NS_ASSERTIONS = NO;
				ENABLE_STRICT_OBJC_MSGSEND = YES;
				ENABLE_USER_SCRIPT_SANDBOXING = YES;
				GCC_C_LANGUAGE_STANDARD = gnu17;
				GCC_NO_COMMON_BLOCKS = YES;
				GCC_WARN_64_TO_32_BIT_CONVERSION = YES;
				GCC_WARN_ABOUT_RETURN_TYPE = YES_ERROR;
				GCC_WARN_UNDECLARED_SELECTOR = YES;
				GCC_WARN_UNINITIALIZED_AUTOS = YES_AGGRESSIVE;
				GCC_WARN_UNUSED_FUNCTION = YES;
				GCC_WARN_UNUSED_VARIABLE = YES;
				IPHONEOS_DEPLOYMENT_TARGET = 17.4;
				LOCALIZATION_PREFERS_STRING_CATALOGS = YES;
				MTL_ENABLE_DEBUG_INFO = NO;
				MTL_FAST_MATH = YES;
				SDKROOT = iphoneos;
				SWIFT_COMPILATION_MODE = wholemodule;
				VALIDATE_PRODUCT = YES;
			};
			name = Release;
		};
		B435FDCC2C5BAFC800D81706 /* Debug */ = {
			isa = XCBuildConfiguration;
			buildSettings = {
				ASSETCATALOG_COMPILER_APPICON_NAME = AppIcon;
				ASSETCATALOG_COMPILER_GLOBAL_ACCENT_COLOR_NAME = AccentColor;
				CODE_SIGN_STYLE = Automatic;
				CURRENT_PROJECT_VERSION = 1;
				DEVELOPMENT_TEAM = XGXCL6K64U;
				GENERATE_INFOPLIST_FILE = YES;
				INFOPLIST_FILE = MVVMMedium/Info.plist;
				INFOPLIST_KEY_UIApplicationSupportsIndirectInputEvents = YES;
				INFOPLIST_KEY_UILaunchStoryboardName = LaunchScreen;
				INFOPLIST_KEY_UIMainStoryboardFile = Main;
				INFOPLIST_KEY_UISupportedInterfaceOrientations_iPad = "UIInterfaceOrientationPortrait UIInterfaceOrientationPortraitUpsideDown UIInterfaceOrientationLandscapeLeft UIInterfaceOrientationLandscapeRight";
				INFOPLIST_KEY_UISupportedInterfaceOrientations_iPhone = "UIInterfaceOrientationPortrait UIInterfaceOrientationLandscapeLeft UIInterfaceOrientationLandscapeRight";
				LD_RUNPATH_SEARCH_PATHS = (
					"$(inherited)",
					"@executable_path/Frameworks",
				);
				MARKETING_VERSION = 1.0;
				PRODUCT_BUNDLE_IDENTIFIER = TheHunterCode.MVVMMedium;
				PRODUCT_NAME = "$(TARGET_NAME)";
				SWIFT_EMIT_LOC_STRINGS = YES;
				SWIFT_VERSION = 5.0;
				TARGETED_DEVICE_FAMILY = "1,2";
			};
			name = Debug;
		};
		B435FDCD2C5BAFC800D81706 /* Release */ = {
			isa = XCBuildConfiguration;
			buildSettings = {
				ASSETCATALOG_COMPILER_APPICON_NAME = AppIcon;
				ASSETCATALOG_COMPILER_GLOBAL_ACCENT_COLOR_NAME = AccentColor;
				CODE_SIGN_STYLE = Automatic;
				CURRENT_PROJECT_VERSION = 1;
				DEVELOPMENT_TEAM = XGXCL6K64U;
				GENERATE_INFOPLIST_FILE = YES;
				INFOPLIST_FILE = MVVMMedium/Info.plist;
				INFOPLIST_KEY_UIApplicationSupportsIndirectInputEvents = YES;
				INFOPLIST_KEY_UILaunchStoryboardName = LaunchScreen;
				INFOPLIST_KEY_UIMainStoryboardFile = Main;
				INFOPLIST_KEY_UISupportedInterfaceOrientations_iPad = "UIInterfaceOrientationPortrait UIInterfaceOrientationPortraitUpsideDown UIInterfaceOrientationLandscapeLeft UIInterfaceOrientationLandscapeRight";
				INFOPLIST_KEY_UISupportedInterfaceOrientations_iPhone = "UIInterfaceOrientationPortrait UIInterfaceOrientationLandscapeLeft UIInterfaceOrientationLandscapeRight";
				LD_RUNPATH_SEARCH_PATHS = (
					"$(inherited)",
					"@executable_path/Frameworks",
				);
				MARKETING_VERSION = 1.0;
				PRODUCT_BUNDLE_IDENTIFIER = TheHunterCode.MVVMMedium;
				PRODUCT_NAME = "$(TARGET_NAME)";
				SWIFT_EMIT_LOC_STRINGS = YES;
				SWIFT_VERSION = 5.0;
				TARGETED_DEVICE_FAMILY = "1,2";
			};
			name = Release;
		};
/* End XCBuildConfiguration section */

/* Begin XCConfigurationList section */
		B435FDB22C5BAFC700D81706 /* Build configuration list for PBXProject "MVVMMedium" */ = {
			isa = XCConfigurationList;
			buildConfigurations = (
				B435FDC92C5BAFC800D81706 /* Debug */,
				B435FDCA2C5BAFC800D81706 /* Release */,
			);
			defaultConfigurationIsVisible = 0;
			defaultConfigurationName = Release;
		};
		B435FDCB2C5BAFC800D81706 /* Build configuration list for PBXNativeTarget "MVVMMedium" */ = {
			isa = XCConfigurationList;
			buildConfigurations = (
				B435FDCC2C5BAFC800D81706 /* Debug */,
				B435FDCD2C5BAFC800D81706 /* Release */,
			);
			defaultConfigurationIsVisible = 0;
			defaultConfigurationName = Release;
		};
/* End XCConfigurationList section */
	};
	rootObject = B435FDAF2C5BAFC700D81706 /* Project object */;
}
